// !$*UTF8*$!
{
	archiveVersion = 1;
	classes = {
	};
	objectVersion = 46;
	objects = {

/* Begin PBXBuildFile section */
		1E0891001E77CA4C00FE43FF /* main.m in Sources */ = {isa = PBXBuildFile; fileRef = 1E0890FF1E77CA4C00FE43FF /* main.m */; };
		1E0891031E77CA4C00FE43FF /* AppDelegate.m in Sources */ = {isa = PBXBuildFile; fileRef = 1E0891021E77CA4C00FE43FF /* AppDelegate.m */; };
		1E0891061E77CA4C00FE43FF /* ViewController.m in Sources */ = {isa = PBXBuildFile; fileRef = 1E0891051E77CA4C00FE43FF /* ViewController.m */; };
		1E0891091E77CA4C00FE43FF /* Main.storyboard in Resources */ = {isa = PBXBuildFile; fileRef = 1E0891071E77CA4C00FE43FF /* Main.storyboard */; };
		1E08910B1E77CA4C00FE43FF /* Assets.xcassets in Resources */ = {isa = PBXBuildFile; fileRef = 1E08910A1E77CA4C00FE43FF /* Assets.xcassets */; };
		1E08910E1E77CA4C00FE43FF /* LaunchScreen.storyboard in Resources */ = {isa = PBXBuildFile; fileRef = 1E08910C1E77CA4C00FE43FF /* LaunchScreen.storyboard */; };
		1E0891191E77CA4D00FE43FF /* XCSettingViewExampleTests.m in Sources */ = {isa = PBXBuildFile; fileRef = 1E0891181E77CA4D00FE43FF /* XCSettingViewExampleTests.m */; };
		1E0891241E77CA4D00FE43FF /* XCSettingViewExampleUITests.m in Sources */ = {isa = PBXBuildFile; fileRef = 1E0891231E77CA4D00FE43FF /* XCSettingViewExampleUITests.m */; };
		1E1E1AB51FA32893007E35F1 /* XCSettingView.m in Sources */ = {isa = PBXBuildFile; fileRef = 1E1E1AB41FA32889007E35F1 /* XCSettingView.m */; };
		1E1E1AB61FA32893007E35F1 /* XCSettingView.xib in Sources */ = {isa = PBXBuildFile; fileRef = 1E1E1AB31FA32889007E35F1 /* XCSettingView.xib */; };
		1E1E1AB71FA329EC007E35F1 /* XCSettingView.bundle in Resources */ = {isa = PBXBuildFile; fileRef = 1E1E1AB21FA32888007E35F1 /* XCSettingView.bundle */; };
/* End PBXBuildFile section */

/* Begin PBXContainerItemProxy section */
		1E0891151E77CA4D00FE43FF /* PBXContainerItemProxy */ = {
			isa = PBXContainerItemProxy;
			containerPortal = 1E0890F31E77CA4C00FE43FF /* Project object */;
			proxyType = 1;
			remoteGlobalIDString = 1E0890FA1E77CA4C00FE43FF;
			remoteInfo = XCSettingViewExample;
		};
		1E0891201E77CA4D00FE43FF /* PBXContainerItemProxy */ = {
			isa = PBXContainerItemProxy;
			containerPortal = 1E0890F31E77CA4C00FE43FF /* Project object */;
			proxyType = 1;
			remoteGlobalIDString = 1E0890FA1E77CA4C00FE43FF;
			remoteInfo = XCSettingViewExample;
		};
/* End PBXContainerItemProxy section */

/* Begin PBXFileReference section */
		1E0890FB1E77CA4C00FE43FF /* XCSettingViewExample.app */ = {isa = PBXFileReference; explicitFileType = wrapper.application; includeInIndex = 0; path = XCSettingViewExample.app; sourceTree = BUILT_PRODUCTS_DIR; };
		1E0890FF1E77CA4C00FE43FF /* main.m */ = {isa = PBXFileReference; lastKnownFileType = sourcecode.c.objc; path = main.m; sourceTree = "<group>"; };
		1E0891011E77CA4C00FE43FF /* AppDelegate.h */ = {isa = PBXFileReference; lastKnownFileType = sourcecode.c.h; path = AppDelegate.h; sourceTree = "<group>"; };
		1E0891021E77CA4C00FE43FF /* AppDelegate.m */ = {isa = PBXFileReference; lastKnownFileType = sourcecode.c.objc; path = AppDelegate.m; sourceTree = "<group>"; };
		1E0891041E77CA4C00FE43FF /* ViewController.h */ = {isa = PBXFileReference; lastKnownFileType = sourcecode.c.h; path = ViewController.h; sourceTree = "<group>"; };
		1E0891051E77CA4C00FE43FF /* ViewController.m */ = {isa = PBXFileReference; lastKnownFileType = sourcecode.c.objc; path = ViewController.m; sourceTree = "<group>"; };
		1E0891081E77CA4C00FE43FF /* Base */ = {isa = PBXFileReference; lastKnownFileType = file.storyboard; name = Base; path = Base.lproj/Main.storyboard; sourceTree = "<group>"; };
		1E08910A1E77CA4C00FE43FF /* Assets.xcassets */ = {isa = PBXFileReference; lastKnownFileType = folder.assetcatalog; path = Assets.xcassets; sourceTree = "<group>"; };
		1E08910D1E77CA4C00FE43FF /* Base */ = {isa = PBXFileReference; lastKnownFileType = file.storyboard; name = Base; path = Base.lproj/LaunchScreen.storyboard; sourceTree = "<group>"; };
		1E08910F1E77CA4C00FE43FF /* Info.plist */ = {isa = PBXFileReference; lastKnownFileType = text.plist.xml; path = Info.plist; sourceTree = "<group>"; };
		1E0891141E77CA4D00FE43FF /* XCSettingViewExampleTests.xctest */ = {isa = PBXFileReference; explicitFileType = wrapper.cfbundle; includeInIndex = 0; path = XCSettingViewExampleTests.xctest; sourceTree = BUILT_PRODUCTS_DIR; };
		1E0891181E77CA4D00FE43FF /* XCSettingViewExampleTests.m */ = {isa = PBXFileReference; lastKnownFileType = sourcecode.c.objc; path = XCSettingViewExampleTests.m; sourceTree = "<group>"; };
		1E08911A1E77CA4D00FE43FF /* Info.plist */ = {isa = PBXFileReference; lastKnownFileType = text.plist.xml; path = Info.plist; sourceTree = "<group>"; };
		1E08911F1E77CA4D00FE43FF /* XCSettingViewExampleUITests.xctest */ = {isa = PBXFileReference; explicitFileType = wrapper.cfbundle; includeInIndex = 0; path = XCSettingViewExampleUITests.xctest; sourceTree = BUILT_PRODUCTS_DIR; };
		1E0891231E77CA4D00FE43FF /* XCSettingViewExampleUITests.m */ = {isa = PBXFileReference; lastKnownFileType = sourcecode.c.objc; path = XCSettingViewExampleUITests.m; sourceTree = "<group>"; };
		1E0891251E77CA4D00FE43FF /* Info.plist */ = {isa = PBXFileReference; lastKnownFileType = text.plist.xml; path = Info.plist; sourceTree = "<group>"; };
		1E1E1AB11FA32888007E35F1 /* XCSettingView.h */ = {isa = PBXFileReference; lastKnownFileType = sourcecode.c.h; path = XCSettingView.h; sourceTree = "<group>"; };
		1E1E1AB21FA32888007E35F1 /* XCSettingView.bundle */ = {isa = PBXFileReference; lastKnownFileType = "wrapper.plug-in"; path = XCSettingView.bundle; sourceTree = "<group>"; };
		1E1E1AB31FA32889007E35F1 /* XCSettingView.xib */ = {isa = PBXFileReference; lastKnownFileType = file.xib; path = XCSettingView.xib; sourceTree = "<group>"; };
		1E1E1AB41FA32889007E35F1 /* XCSettingView.m */ = {isa = PBXFileReference; lastKnownFileType = sourcecode.c.objc; path = XCSettingView.m; sourceTree = "<group>"; };
/* End PBXFileReference section */

/* Begin PBXFrameworksBuildPhase section */
		1E0890F81E77CA4C00FE43FF /* Frameworks */ = {
			isa = PBXFrameworksBuildPhase;
			buildActionMask = 2147483647;
			files = (
			);
			runOnlyForDeploymentPostprocessing = 0;
		};
		1E0891111E77CA4D00FE43FF /* Frameworks */ = {
			isa = PBXFrameworksBuildPhase;
			buildActionMask = 2147483647;
			files = (
			);
			runOnlyForDeploymentPostprocessing = 0;
		};
		1E08911C1E77CA4D00FE43FF /* Frameworks */ = {
			isa = PBXFrameworksBuildPhase;
			buildActionMask = 2147483647;
			files = (
			);
			runOnlyForDeploymentPostprocessing = 0;
		};
/* End PBXFrameworksBuildPhase section */

/* Begin PBXGroup section */
		1E0890F21E77CA4C00FE43FF = {
			isa = PBXGroup;
			children = (
				1E0891311E77CA9A00FE43FF /* XCSettingView */,
				1E0890FD1E77CA4C00FE43FF /* XCSettingViewExample */,
				1E0891171E77CA4D00FE43FF /* XCSettingViewExampleTests */,
				1E0891221E77CA4D00FE43FF /* XCSettingViewExampleUITests */,
				1E0890FC1E77CA4C00FE43FF /* Products */,
			);
			sourceTree = "<group>";
		};
		1E0890FC1E77CA4C00FE43FF /* Products */ = {
			isa = PBXGroup;
			children = (
				1E0890FB1E77CA4C00FE43FF /* XCSettingViewExample.app */,
				1E0891141E77CA4D00FE43FF /* XCSettingViewExampleTests.xctest */,
				1E08911F1E77CA4D00FE43FF /* XCSettingViewExampleUITests.xctest */,
			);
			name = Products;
			sourceTree = "<group>";
		};
		1E0890FD1E77CA4C00FE43FF /* XCSettingViewExample */ = {
			isa = PBXGroup;
			children = (
				1E0891011E77CA4C00FE43FF /* AppDelegate.h */,
				1E0891021E77CA4C00FE43FF /* AppDelegate.m */,
				1E0891041E77CA4C00FE43FF /* ViewController.h */,
				1E0891051E77CA4C00FE43FF /* ViewController.m */,
				1E0891071E77CA4C00FE43FF /* Main.storyboard */,
				1E08910A1E77CA4C00FE43FF /* Assets.xcassets */,
				1E08910C1E77CA4C00FE43FF /* LaunchScreen.storyboard */,
				1E08910F1E77CA4C00FE43FF /* Info.plist */,
				1E0890FE1E77CA4C00FE43FF /* Supporting Files */,
			);
			path = XCSettingViewExample;
			sourceTree = "<group>";
		};
		1E0890FE1E77CA4C00FE43FF /* Supporting Files */ = {
			isa = PBXGroup;
			children = (
				1E0890FF1E77CA4C00FE43FF /* main.m */,
			);
			name = "Supporting Files";
			sourceTree = "<group>";
		};
		1E0891171E77CA4D00FE43FF /* XCSettingViewExampleTests */ = {
			isa = PBXGroup;
			children = (
				1E0891181E77CA4D00FE43FF /* XCSettingViewExampleTests.m */,
				1E08911A1E77CA4D00FE43FF /* Info.plist */,
			);
			path = XCSettingViewExampleTests;
			sourceTree = "<group>";
		};
		1E0891221E77CA4D00FE43FF /* XCSettingViewExampleUITests */ = {
			isa = PBXGroup;
			children = (
				1E0891231E77CA4D00FE43FF /* XCSettingViewExampleUITests.m */,
				1E0891251E77CA4D00FE43FF /* Info.plist */,
			);
			path = XCSettingViewExampleUITests;
			sourceTree = "<group>";
		};
		1E0891311E77CA9A00FE43FF /* XCSettingView */ = {
			isa = PBXGroup;
			children = (
				1E1E1AB21FA32888007E35F1 /* XCSettingView.bundle */,
				1E1E1AB11FA32888007E35F1 /* XCSettingView.h */,
				1E1E1AB41FA32889007E35F1 /* XCSettingView.m */,
				1E1E1AB31FA32889007E35F1 /* XCSettingView.xib */,
			);
			path = XCSettingView;
			sourceTree = "<group>";
		};
/* End PBXGroup section */

/* Begin PBXNativeTarget section */
		1E0890FA1E77CA4C00FE43FF /* XCSettingViewExample */ = {
			isa = PBXNativeTarget;
			buildConfigurationList = 1E0891281E77CA4D00FE43FF /* Build configuration list for PBXNativeTarget "XCSettingViewExample" */;
			buildPhases = (
				1E0890F71E77CA4C00FE43FF /* Sources */,
				1E0890F81E77CA4C00FE43FF /* Frameworks */,
				1E0890F91E77CA4C00FE43FF /* Resources */,
			);
			buildRules = (
			);
			dependencies = (
			);
			name = XCSettingViewExample;
			productName = XCSettingViewExample;
			productReference = 1E0890FB1E77CA4C00FE43FF /* XCSettingViewExample.app */;
			productType = "com.apple.product-type.application";
		};
		1E0891131E77CA4D00FE43FF /* XCSettingViewExampleTests */ = {
			isa = PBXNativeTarget;
			buildConfigurationList = 1E08912B1E77CA4D00FE43FF /* Build configuration list for PBXNativeTarget "XCSettingViewExampleTests" */;
			buildPhases = (
				1E0891101E77CA4D00FE43FF /* Sources */,
				1E0891111E77CA4D00FE43FF /* Frameworks */,
				1E0891121E77CA4D00FE43FF /* Resources */,
			);
			buildRules = (
			);
			dependencies = (
				1E0891161E77CA4D00FE43FF /* PBXTargetDependency */,
			);
			name = XCSettingViewExampleTests;
			productName = XCSettingViewExampleTests;
			productReference = 1E0891141E77CA4D00FE43FF /* XCSettingViewExampleTests.xctest */;
			productType = "com.apple.product-type.bundle.unit-test";
		};
		1E08911E1E77CA4D00FE43FF /* XCSettingViewExampleUITests */ = {
			isa = PBXNativeTarget;
			buildConfigurationList = 1E08912E1E77CA4D00FE43FF /* Build configuration list for PBXNativeTarget "XCSettingViewExampleUITests" */;
			buildPhases = (
				1E08911B1E77CA4D00FE43FF /* Sources */,
				1E08911C1E77CA4D00FE43FF /* Frameworks */,
				1E08911D1E77CA4D00FE43FF /* Resources */,
			);
			buildRules = (
			);
			dependencies = (
				1E0891211E77CA4D00FE43FF /* PBXTargetDependency */,
			);
			name = XCSettingViewExampleUITests;
			productName = XCSettingViewExampleUITests;
			productReference = 1E08911F1E77CA4D00FE43FF /* XCSettingViewExampleUITests.xctest */;
			productType = "com.apple.product-type.bundle.ui-testing";
		};
/* End PBXNativeTarget section */

/* Begin PBXProject section */
		1E0890F31E77CA4C00FE43FF /* Project object */ = {
			isa = PBXProject;
			attributes = {
				LastUpgradeCheck = 0810;
				ORGANIZATIONNAME = "樊小聪";
				TargetAttributes = {
					1E0890FA1E77CA4C00FE43FF = {
						CreatedOnToolsVersion = 8.1;
						ProvisioningStyle = Automatic;
					};
					1E0891131E77CA4D00FE43FF = {
						CreatedOnToolsVersion = 8.1;
						ProvisioningStyle = Automatic;
						TestTargetID = 1E0890FA1E77CA4C00FE43FF;
					};
					1E08911E1E77CA4D00FE43FF = {
						CreatedOnToolsVersion = 8.1;
						ProvisioningStyle = Automatic;
						TestTargetID = 1E0890FA1E77CA4C00FE43FF;
					};
				};
			};
			buildConfigurationList = 1E0890F61E77CA4C00FE43FF /* Build configuration list for PBXProject "XCSettingViewExample" */;
			compatibilityVersion = "Xcode 3.2";
			developmentRegion = English;
			hasScannedForEncodings = 0;
			knownRegions = (
				en,
				Base,
			);
			mainGroup = 1E0890F21E77CA4C00FE43FF;
			productRefGroup = 1E0890FC1E77CA4C00FE43FF /* Products */;
			projectDirPath = "";
			projectRoot = "";
			targets = (
				1E0890FA1E77CA4C00FE43FF /* XCSettingViewExample */,
				1E0891131E77CA4D00FE43FF /* XCSettingViewExampleTests */,
				1E08911E1E77CA4D00FE43FF /* XCSettingViewExampleUITests */,
			);
		};
/* End PBXProject section */

/* Begin PBXResourcesBuildPhase section */
		1E0890F91E77CA4C00FE43FF /* Resources */ = {
			isa = PBXResourcesBuildPhase;
			buildActionMask = 2147483647;
			files = (
				1E1E1AB71FA329EC007E35F1 /* XCSettingView.bundle in Resources */,
				1E08910E1E77CA4C00FE43FF /* LaunchScreen.storyboard in Resources */,
				1E08910B1E77CA4C00FE43FF /* Assets.xcassets in Resources */,
				1E0891091E77CA4C00FE43FF /* Main.storyboard in Resources */,
			);
			runOnlyForDeploymentPostprocessing = 0;
		};
		1E0891121E77CA4D00FE43FF /* Resources */ = {
			isa = PBXResourcesBuildPhase;
			buildActionMask = 2147483647;
			files = (
			);
			runOnlyForDeploymentPostprocessing = 0;
		};
		1E08911D1E77CA4D00FE43FF /* Resources */ = {
			isa = PBXResourcesBuildPhase;
			buildActionMask = 2147483647;
			files = (
			);
			runOnlyForDeploymentPostprocessing = 0;
		};
/* End PBXResourcesBuildPhase section */

/* Begin PBXSourcesBuildPhase section */
		1E0890F71E77CA4C00FE43FF /* Sources */ = {
			isa = PBXSourcesBuildPhase;
			buildActionMask = 2147483647;
			files = (
				1E1E1AB51FA32893007E35F1 /* XCSettingView.m in Sources */,
				1E1E1AB61FA32893007E35F1 /* XCSettingView.xib in Sources */,
				1E0891061E77CA4C00FE43FF /* ViewController.m in Sources */,
				1E0891031E77CA4C00FE43FF /* AppDelegate.m in Sources */,
				1E0891001E77CA4C00FE43FF /* main.m in Sources */,
			);
			runOnlyForDeploymentPostprocessing = 0;
		};
		1E0891101E77CA4D00FE43FF /* Sources */ = {
			isa = PBXSourcesBuildPhase;
			buildActionMask = 2147483647;
			files = (
				1E0891191E77CA4D00FE43FF /* XCSettingViewExampleTests.m in Sources */,
			);
			runOnlyForDeploymentPostprocessing = 0;
		};
		1E08911B1E77CA4D00FE43FF /* Sources */ = {
			isa = PBXSourcesBuildPhase;
			buildActionMask = 2147483647;
			files = (
				1E0891241E77CA4D00FE43FF /* XCSettingViewExampleUITests.m in Sources */,
			);
			runOnlyForDeploymentPostprocessing = 0;
		};
/* End PBXSourcesBuildPhase section */

/* Begin PBXTargetDependency section */
		1E0891161E77CA4D00FE43FF /* PBXTargetDependency */ = {
			isa = PBXTargetDependency;
			target = 1E0890FA1E77CA4C00FE43FF /* XCSettingViewExample */;
			targetProxy = 1E0891151E77CA4D00FE43FF /* PBXContainerItemProxy */;
		};
		1E0891211E77CA4D00FE43FF /* PBXTargetDependency */ = {
			isa = PBXTargetDependency;
			target = 1E0890FA1E77CA4C00FE43FF /* XCSettingViewExample */;
			targetProxy = 1E0891201E77CA4D00FE43FF /* PBXContainerItemProxy */;
		};
/* End PBXTargetDependency section */

/* Begin PBXVariantGroup section */
		1E0891071E77CA4C00FE43FF /* Main.storyboard */ = {
			isa = PBXVariantGroup;
			children = (
				1E0891081E77CA4C00FE43FF /* Base */,
			);
			name = Main.storyboard;
			sourceTree = "<group>";
		};
		1E08910C1E77CA4C00FE43FF /* LaunchScreen.storyboard */ = {
			isa = PBXVariantGroup;
			children = (
				1E08910D1E77CA4C00FE43FF /* Base */,
			);
			name = LaunchScreen.storyboard;
			sourceTree = "<group>";
		};
/* End PBXVariantGroup section */

/* Begin XCBuildConfiguration section */
		1E0891261E77CA4D00FE43FF /* Debug */ = {
			isa = XCBuildConfiguration;
			buildSettings = {
				ALWAYS_SEARCH_USER_PATHS = NO;
				CLANG_ANALYZER_NONNULL = YES;
				CLANG_CXX_LANGUAGE_STANDARD = "gnu++0x";
				CLANG_CXX_LIBRARY = "libc++";
				CLANG_ENABLE_MODULES = YES;
				CLANG_ENABLE_OBJC_ARC = YES;
				CLANG_WARN_BOOL_CONVERSION = YES;
				CLANG_WARN_CONSTANT_CONVERSION = YES;
				CLANG_WARN_DIRECT_OBJC_ISA_USAGE = YES_ERROR;
				CLANG_WARN_DOCUMENTATION_COMMENTS = YES;
				CLANG_WARN_EMPTY_BODY = YES;
				CLANG_WARN_ENUM_CONVERSION = YES;
				CLANG_WARN_INFINITE_RECURSION = YES;
				CLANG_WARN_INT_CONVERSION = YES;
				CLANG_WARN_OBJC_ROOT_CLASS = YES_ERROR;
				CLANG_WARN_SUSPICIOUS_MOVES = YES;
				CLANG_WARN_UNREACHABLE_CODE = YES;
				CLANG_WARN__DUPLICATE_METHOD_MATCH = YES;
				"CODE_SIGN_IDENTITY[sdk=iphoneos*]" = "iPhone Developer";
				COPY_PHASE_STRIP = NO;
				DEBUG_INFORMATION_FORMAT = dwarf;
				ENABLE_STRICT_OBJC_MSGSEND = YES;
				ENABLE_TESTABILITY = YES;
				GCC_C_LANGUAGE_STANDARD = gnu99;
				GCC_DYNAMIC_NO_PIC = NO;
				GCC_NO_COMMON_BLOCKS = YES;
				GCC_OPTIMIZATION_LEVEL = 0;
				GCC_PREPROCESSOR_DEFINITIONS = (
					"DEBUG=1",
					"$(inherited)",
				);
				GCC_WARN_64_TO_32_BIT_CONVERSION = YES;
				GCC_WARN_ABOUT_RETURN_TYPE = YES_ERROR;
				GCC_WARN_UNDECLARED_SELECTOR = YES;
				GCC_WARN_UNINITIALIZED_AUTOS = YES_AGGRESSIVE;
				GCC_WARN_UNUSED_FUNCTION = YES;
				GCC_WARN_UNUSED_VARIABLE = YES;
				IPHONEOS_DEPLOYMENT_TARGET = 10.1;
				MTL_ENABLE_DEBUG_INFO = YES;
				ONLY_ACTIVE_ARCH = YES;
				SDKROOT = iphoneos;
			};
			name = Debug;
		};
		1E0891271E77CA4D00FE43FF /* Release */ = {
			isa = XCBuildConfiguration;
			buildSettings = {
				ALWAYS_SEARCH_USER_PATHS = NO;
				CLANG_ANALYZER_NONNULL = YES;
				CLANG_CXX_LANGUAGE_STANDARD = "gnu++0x";
				CLANG_CXX_LIBRARY = "libc++";
				CLANG_ENABLE_MODULES = YES;
				CLANG_ENABLE_OBJC_ARC = YES;
				CLANG_WARN_BOOL_CONVERSION = YES;
				CLANG_WARN_CONSTANT_CONVERSION = YES;
				CLANG_WARN_DIRECT_OBJC_ISA_USAGE = YES_ERROR;
				CLANG_WARN_DOCUMENTATION_COMMENTS = YES;
				CLANG_WARN_EMPTY_BODY = YES;
				CLANG_WARN_ENUM_CONVERSION = YES;
				CLANG_WARN_INFINITE_RECURSION = YES;
				CLANG_WARN_INT_CONVERSION = YES;
				CLANG_WARN_OBJC_ROOT_CLASS = YES_ERROR;
				CLANG_WARN_SUSPICIOUS_MOVES = YES;
				CLANG_WARN_UNREACHABLE_CODE = YES;
				CLANG_WARN__DUPLICATE_METHOD_MATCH = YES;
				"CODE_SIGN_IDENTITY[sdk=iphoneos*]" = "iPhone Developer";
				COPY_PHASE_STRIP = NO;
				DEBUG_INFORMATION_FORMAT = "dwarf-with-dsym";
				ENABLE_NS_ASSERTIONS = NO;
				ENABLE_STRICT_OBJC_MSGSEND = YES;
				GCC_C_LANGUAGE_STANDARD = gnu99;
				GCC_NO_COMMON_BLOCKS = YES;
				GCC_WARN_64_TO_32_BIT_CONVERSION = YES;
				GCC_WARN_ABOUT_RETURN_TYPE = YES_ERROR;
				GCC_WARN_UNDECLARED_SELECTOR = YES;
				GCC_WARN_UNINITIALIZED_AUTOS = YES_AGGRESSIVE;
				GCC_WARN_UNUSED_FUNCTION = YES;
				GCC_WARN_UNUSED_VARIABLE = YES;
				IPHONEOS_DEPLOYMENT_TARGET = 10.1;
				MTL_ENABLE_DEBUG_INFO = NO;
				SDKROOT = iphoneos;
				VALIDATE_PRODUCT = YES;
			};
			name = Release;
		};
		1E0891291E77CA4D00FE43FF /* Debug */ = {
			isa = XCBuildConfiguration;
			buildSettings = {
				ASSETCATALOG_COMPILER_APPICON_NAME = AppIcon;
				INFOPLIST_FILE = XCSettingViewExample/Info.plist;
				LD_RUNPATH_SEARCH_PATHS = "$(inherited) @executable_path/Frameworks";
				PRODUCT_BUNDLE_IDENTIFIER = ylh.XCSettingViewExample;
				PRODUCT_NAME = "$(TARGET_NAME)";
			};
			name = Debug;
		};
		1E08912A1E77CA4D00FE43FF /* Release */ = {
			isa = XCBuildConfiguration;
			buildSettings = {
				ASSETCATALOG_COMPILER_APPICON_NAME = AppIcon;
				INFOPLIST_FILE = XCSettingViewExample/Info.plist;
				LD_RUNPATH_SEARCH_PATHS = "$(inherited) @executable_path/Frameworks";
				PRODUCT_BUNDLE_IDENTIFIER = ylh.XCSettingViewExample;
				PRODUCT_NAME = "$(TARGET_NAME)";
			};
			name = Release;
		};
		1E08912C1E77CA4D00FE43FF /* Debug */ = {
			isa = XCBuildConfiguration;
			buildSettings = {
				BUNDLE_LOADER = "$(TEST_HOST)";
				INFOPLIST_FILE = XCSettingViewExampleTests/Info.plist;
				LD_RUNPATH_SEARCH_PATHS = "$(inherited) @executable_path/Frameworks @loader_path/Frameworks";
				PRODUCT_BUNDLE_IDENTIFIER = ylh.XCSettingViewExampleTests;
				PRODUCT_NAME = "$(TARGET_NAME)";
				TEST_HOST = "$(BUILT_PRODUCTS_DIR)/XCSettingViewExample.app/XCSettingViewExample";
			};
			name = Debug;
		};
		1E08912D1E77CA4D00FE43FF /* Release */ = {
			isa = XCBuildConfiguration;
			buildSettings = {
				BUNDLE_LOADER = "$(TEST_HOST)";
				INFOPLIST_FILE = XCSettingViewExampleTests/Info.plist;
				LD_RUNPATH_SEARCH_PATHS = "$(inherited) @executable_path/Frameworks @loader_path/Frameworks";
				PRODUCT_BUNDLE_IDENTIFIER = ylh.XCSettingViewExampleTests;
				PRODUCT_NAME = "$(TARGET_NAME)";
				TEST_HOST = "$(BUILT_PRODUCTS_DIR)/XCSettingViewExample.app/XCSettingViewExample";
			};
			name = Release;
		};
		1E08912F1E77CA4D00FE43FF /* Debug */ = {
			isa = XCBuildConfiguration;
			buildSettings = {
				INFOPLIST_FILE = XCSettingViewExampleUITests/Info.plist;
				LD_RUNPATH_SEARCH_PATHS = "$(inherited) @executable_path/Frameworks @loader_path/Frameworks";
				PRODUCT_BUNDLE_IDENTIFIER = ylh.XCSettingViewExampleUITests;
				PRODUCT_NAME = "$(TARGET_NAME)";
				TEST_TARGET_NAME = XCSettingViewExample;
			};
			name = Debug;
		};
		1E0891301E77CA4D00FE43FF /* Release */ = {
			isa = XCBuildConfiguration;
			buildSettings = {
				INFOPLIST_FILE = XCSettingViewExampleUITests/Info.plist;
				LD_RUNPATH_SEARCH_PATHS = "$(inherited) @executable_path/Frameworks @loader_path/Frameworks";
				PRODUCT_BUNDLE_IDENTIFIER = ylh.XCSettingViewExampleUITests;
				PRODUCT_NAME = "$(TARGET_NAME)";
				TEST_TARGET_NAME = XCSettingViewExample;
			};
			name = Release;
		};
/* End XCBuildConfiguration section */

/* Begin XCConfigurationList section */
		1E0890F61E77CA4C00FE43FF /* Build configuration list for PBXProject "XCSettingViewExample" */ = {
			isa = XCConfigurationList;
			buildConfigurations = (
				1E0891261E77CA4D00FE43FF /* Debug */,
				1E0891271E77CA4D00FE43FF /* Release */,
			);
			defaultConfigurationIsVisible = 0;
			defaultConfigurationName = Release;
		};
		1E0891281E77CA4D00FE43FF /* Build configuration list for PBXNativeTarget "XCSettingViewExample" */ = {
			isa = XCConfigurationList;
			buildConfigurations = (
				1E0891291E77CA4D00FE43FF /* Debug */,
				1E08912A1E77CA4D00FE43FF /* Release */,
			);
			defaultConfigurationIsVisible = 0;
			defaultConfigurationName = Release;
		};
		1E08912B1E77CA4D00FE43FF /* Build configuration list for PBXNativeTarget "XCSettingViewExampleTests" */ = {
			isa = XCConfigurationList;
			buildConfigurations = (
				1E08912C1E77CA4D00FE43FF /* Debug */,
				1E08912D1E77CA4D00FE43FF /* Release */,
			);
			defaultConfigurationIsVisible = 0;
			defaultConfigurationName = Release;
		};
		1E08912E1E77CA4D00FE43FF /* Build configuration list for PBXNativeTarget "XCSettingViewExampleUITests" */ = {
			isa = XCConfigurationList;
			buildConfigurations = (
				1E08912F1E77CA4D00FE43FF /* Debug */,
				1E0891301E77CA4D00FE43FF /* Release */,
			);
			defaultConfigurationIsVisible = 0;
			defaultConfigurationName = Release;
		};
/* End XCConfigurationList section */
	};
	rootObject = 1E0890F31E77CA4C00FE43FF /* Project object */;
}
